
Microsoft Visual Studio Solution File, Format Version 12.00
# Visual Studio 15
VisualStudioVersion = 15.0.26730.16
MinimumVisualStudioVersion = 10.0.40219.1
Project("{888888A0-9F3D-457C-B088-3A5042F75D52}") = "LeetCodeInPython", "LeetCodeInPython\LeetCodeInPython.pyproj", "{C68D8A66-666F-4201-BBF3-571E50807F3F}"
EndProject
Global
	GlobalSection(SolutionConfigurationPlatforms) = preSolution
		Debug|Any CPU = Debug|Any CPU
		Release|Any CPU = Release|Any CPU
	EndGlobalSection
	GlobalSection(ProjectConfigurationPlatforms) = postSolution
		{C68D8A66-666F-4201-BBF3-571E50807F3F}.Debug|Any CPU.ActiveCfg = Debug|Any CPU
		{C68D8A66-666F-4201-BBF3-571E50807F3F}.Release|Any CPU.ActiveCfg = Release|Any CPU
	EndGlobalSection
	GlobalSection(SolutionProperties) = preSolution
		HideSolutionNode = FALSE
	EndGlobalSection
	GlobalSection(ExtensibilityGlobals) = postSolution
		SolutionGuid = {369656E4-B253-49DF-81B7-D750BEFD972A}
	EndGlobalSection
EndGlobal
